// !$*UTF8*$!
{
	archiveVersion = 1;
	classes = {
	};
	objectVersion = 56;
	objects = {

/* Begin PBXBuildFile section */
		84883BFD2AAB2D8D006F6759 /* AppDelegate.swift in Sources */ = {isa = PBXBuildFile; fileRef = 84883BFC2AAB2D8D006F6759 /* AppDelegate.swift */; };
		84883BFF2AAB2D8D006F6759 /* SceneDelegate.swift in Sources */ = {isa = PBXBuildFile; fileRef = 84883BFE2AAB2D8D006F6759 /* SceneDelegate.swift */; };
		84883C012AAB2D8D006F6759 /* ReminderListViewController.swift in Sources */ = {isa = PBXBuildFile; fileRef = 84883C002AAB2D8D006F6759 /* ReminderListViewController.swift */; };
		84883C042AAB2D8D006F6759 /* Main.storyboard in Resources */ = {isa = PBXBuildFile; fileRef = 84883C022AAB2D8D006F6759 /* Main.storyboard */; };
		84883C062AAB2D8E006F6759 /* Assets.xcassets in Resources */ = {isa = PBXBuildFile; fileRef = 84883C052AAB2D8E006F6759 /* Assets.xcassets */; };
		84883C092AAB2D8E006F6759 /* LaunchScreen.storyboard in Resources */ = {isa = PBXBuildFile; fileRef = 84883C072AAB2D8E006F6759 /* LaunchScreen.storyboard */; };
		84883C122AAB2EBD006F6759 /* Reminder.swift in Sources */ = {isa = PBXBuildFile; fileRef = 84883C112AAB2EBD006F6759 /* Reminder.swift */; };
		84883C142AAEEC02006F6759 /* Date+Today.swift in Sources */ = {isa = PBXBuildFile; fileRef = 84883C132AAEEC02006F6759 /* Date+Today.swift */; };
		84883C172AAEEE24006F6759 /* ReminderListViewController+DataSource.swift in Sources */ = {isa = PBXBuildFile; fileRef = 84883C162AAEEE24006F6759 /* ReminderListViewController+DataSource.swift */; };
		84883C192AAEF093006F6759 /* UIColor+Today.swift in Sources */ = {isa = PBXBuildFile; fileRef = 84883C182AAEF093006F6759 /* UIColor+Today.swift */; };
		84883C1B2AAEFCAA006F6759 /* ReminderDoneButton.swift in Sources */ = {isa = PBXBuildFile; fileRef = 84883C1A2AAEFCAA006F6759 /* ReminderDoneButton.swift */; };
		84883C1D2AAEFD48006F6759 /* ReminderListViewController+Actions.swift in Sources */ = {isa = PBXBuildFile; fileRef = 84883C1C2AAEFD48006F6759 /* ReminderListViewController+Actions.swift */; };
		84883C1F2AAF082C006F6759 /* ReminderViewController.swift in Sources */ = {isa = PBXBuildFile; fileRef = 84883C1E2AAF082C006F6759 /* ReminderViewController.swift */; };
		84883C222AAF1356006F6759 /* ReminderViewController+Row.swift in Sources */ = {isa = PBXBuildFile; fileRef = 84883C212AAF1356006F6759 /* ReminderViewController+Row.swift */; };
		84883C242AAF20F2006F6759 /* ReminderViewController+Section.swift in Sources */ = {isa = PBXBuildFile; fileRef = 84883C232AAF20F2006F6759 /* ReminderViewController+Section.swift */; };
		84883C262AB03CC1006F6759 /* ReminderViewController+CellConfiguration.swift in Sources */ = {isa = PBXBuildFile; fileRef = 84883C252AB03CC1006F6759 /* ReminderViewController+CellConfiguration.swift */; };
		84883C292AB03E02006F6759 /* UIView+PinnedSubview.swift in Sources */ = {isa = PBXBuildFile; fileRef = 84883C282AB03E02006F6759 /* UIView+PinnedSubview.swift */; };
		84883C2B2AB04125006F6759 /* TextFieldContentView.swift in Sources */ = {isa = PBXBuildFile; fileRef = 84883C2A2AB04125006F6759 /* TextFieldContentView.swift */; };
		84883C2D2AB04291006F6759 /* UIContentConfiguration+Stateless.swift in Sources */ = {isa = PBXBuildFile; fileRef = 84883C2C2AB04291006F6759 /* UIContentConfiguration+Stateless.swift */; };
		84883C2F2AB04B9B006F6759 /* TextViewContentView.swift in Sources */ = {isa = PBXBuildFile; fileRef = 84883C2E2AB04B9B006F6759 /* TextViewContentView.swift */; };
		84883C312AB04DDF006F6759 /* DatePickerContentView.swift in Sources */ = {isa = PBXBuildFile; fileRef = 84883C302AB04DDF006F6759 /* DatePickerContentView.swift */; };
		84883C332AB074C0006F6759 /* ReminderListStyle.swift in Sources */ = {isa = PBXBuildFile; fileRef = 84883C322AB074C0006F6759 /* ReminderListStyle.swift */; };
		84883C352AB160FF006F6759 /* ProgressHeaderView.swift in Sources */ = {isa = PBXBuildFile; fileRef = 84883C342AB160FF006F6759 /* ProgressHeaderView.swift */; };
		84883C372AB17818006F6759 /* CAGradientLayer+ListStyle.swift in Sources */ = {isa = PBXBuildFile; fileRef = 84883C362AB17818006F6759 /* CAGradientLayer+ListStyle.swift */; };
		84883C392AB18BC0006F6759 /* TodayError.swift in Sources */ = {isa = PBXBuildFile; fileRef = 84883C382AB18BC0006F6759 /* TodayError.swift */; };
		84883C3B2AB18C32006F6759 /* EKEventStore+AsyncFetch.swift in Sources */ = {isa = PBXBuildFile; fileRef = 84883C3A2AB18C32006F6759 /* EKEventStore+AsyncFetch.swift */; };
		84883C3D2AB18D1B006F6759 /* Reminder+EKReminder.swift in Sources */ = {isa = PBXBuildFile; fileRef = 84883C3C2AB18D1B006F6759 /* Reminder+EKReminder.swift */; };
		84883C3F2AB18DB6006F6759 /* ReminderStore.swift in Sources */ = {isa = PBXBuildFile; fileRef = 84883C3E2AB18DB6006F6759 /* ReminderStore.swift */; };
		84883C412AB1A6EB006F6759 /* EKReminder+Reminder.swift in Sources */ = {isa = PBXBuildFile; fileRef = 84883C402AB1A6EB006F6759 /* EKReminder+Reminder.swift */; };
/* End PBXBuildFile section */

/* Begin PBXFileReference section */
		84883BF92AAB2D8D006F6759 /* Today.app */ = {isa = PBXFileReference; explicitFileType = wrapper.application; includeInIndex = 0; path = Today.app; sourceTree = BUILT_PRODUCTS_DIR; };
		84883BFC2AAB2D8D006F6759 /* AppDelegate.swift */ = {isa = PBXFileReference; lastKnownFileType = sourcecode.swift; path = AppDelegate.swift; sourceTree = "<group>"; };
		84883BFE2AAB2D8D006F6759 /* SceneDelegate.swift */ = {isa = PBXFileReference; lastKnownFileType = sourcecode.swift; path = SceneDelegate.swift; sourceTree = "<group>"; };
		84883C002AAB2D8D006F6759 /* ReminderListViewController.swift */ = {isa = PBXFileReference; lastKnownFileType = sourcecode.swift; path = ReminderListViewController.swift; sourceTree = "<group>"; };
		84883C032AAB2D8D006F6759 /* Base */ = {isa = PBXFileReference; lastKnownFileType = file.storyboard; name = Base; path = Base.lproj/Main.storyboard; sourceTree = "<group>"; };
		84883C052AAB2D8E006F6759 /* Assets.xcassets */ = {isa = PBXFileReference; lastKnownFileType = folder.assetcatalog; path = Assets.xcassets; sourceTree = "<group>"; };
		84883C082AAB2D8E006F6759 /* Base */ = {isa = PBXFileReference; lastKnownFileType = file.storyboard; name = Base; path = Base.lproj/LaunchScreen.storyboard; sourceTree = "<group>"; };
		84883C0A2AAB2D8E006F6759 /* Info.plist */ = {isa = PBXFileReference; lastKnownFileType = text.plist.xml; path = Info.plist; sourceTree = "<group>"; };
		84883C112AAB2EBD006F6759 /* Reminder.swift */ = {isa = PBXFileReference; lastKnownFileType = sourcecode.swift; path = Reminder.swift; sourceTree = "<group>"; };
		84883C132AAEEC02006F6759 /* Date+Today.swift */ = {isa = PBXFileReference; lastKnownFileType = sourcecode.swift; path = "Date+Today.swift"; sourceTree = "<group>"; };
		84883C162AAEEE24006F6759 /* ReminderListViewController+DataSource.swift */ = {isa = PBXFileReference; lastKnownFileType = sourcecode.swift; path = "ReminderListViewController+DataSource.swift"; sourceTree = "<group>"; };
		84883C182AAEF093006F6759 /* UIColor+Today.swift */ = {isa = PBXFileReference; fileEncoding = 4; lastKnownFileType = sourcecode.swift; path = "UIColor+Today.swift"; sourceTree = "<group>"; };
		84883C1A2AAEFCAA006F6759 /* ReminderDoneButton.swift */ = {isa = PBXFileReference; lastKnownFileType = sourcecode.swift; path = ReminderDoneButton.swift; sourceTree = "<group>"; };
		84883C1C2AAEFD48006F6759 /* ReminderListViewController+Actions.swift */ = {isa = PBXFileReference; lastKnownFileType = sourcecode.swift; path = "ReminderListViewController+Actions.swift"; sourceTree = "<group>"; };
		84883C1E2AAF082C006F6759 /* ReminderViewController.swift */ = {isa = PBXFileReference; lastKnownFileType = sourcecode.swift; path = ReminderViewController.swift; sourceTree = "<group>"; };
		84883C212AAF1356006F6759 /* ReminderViewController+Row.swift */ = {isa = PBXFileReference; lastKnownFileType = sourcecode.swift; path = "ReminderViewController+Row.swift"; sourceTree = "<group>"; };
		84883C232AAF20F2006F6759 /* ReminderViewController+Section.swift */ = {isa = PBXFileReference; lastKnownFileType = sourcecode.swift; path = "ReminderViewController+Section.swift"; sourceTree = "<group>"; };
		84883C252AB03CC1006F6759 /* ReminderViewController+CellConfiguration.swift */ = {isa = PBXFileReference; lastKnownFileType = sourcecode.swift; path = "ReminderViewController+CellConfiguration.swift"; sourceTree = "<group>"; };
		84883C282AB03E02006F6759 /* UIView+PinnedSubview.swift */ = {isa = PBXFileReference; lastKnownFileType = sourcecode.swift; path = "UIView+PinnedSubview.swift"; sourceTree = "<group>"; };
		84883C2A2AB04125006F6759 /* TextFieldContentView.swift */ = {isa = PBXFileReference; lastKnownFileType = sourcecode.swift; path = TextFieldContentView.swift; sourceTree = "<group>"; };
		84883C2C2AB04291006F6759 /* UIContentConfiguration+Stateless.swift */ = {isa = PBXFileReference; lastKnownFileType = sourcecode.swift; path = "UIContentConfiguration+Stateless.swift"; sourceTree = "<group>"; };
		84883C2E2AB04B9B006F6759 /* TextViewContentView.swift */ = {isa = PBXFileReference; lastKnownFileType = sourcecode.swift; path = TextViewContentView.swift; sourceTree = "<group>"; };
		84883C302AB04DDF006F6759 /* DatePickerContentView.swift */ = {isa = PBXFileReference; lastKnownFileType = sourcecode.swift; path = DatePickerContentView.swift; sourceTree = "<group>"; };
		84883C322AB074C0006F6759 /* ReminderListStyle.swift */ = {isa = PBXFileReference; lastKnownFileType = sourcecode.swift; path = ReminderListStyle.swift; sourceTree = "<group>"; };
		84883C342AB160FF006F6759 /* ProgressHeaderView.swift */ = {isa = PBXFileReference; lastKnownFileType = sourcecode.swift; path = ProgressHeaderView.swift; sourceTree = "<group>"; };
		84883C362AB17818006F6759 /* CAGradientLayer+ListStyle.swift */ = {isa = PBXFileReference; lastKnownFileType = sourcecode.swift; path = "CAGradientLayer+ListStyle.swift"; sourceTree = "<group>"; };
		84883C382AB18BC0006F6759 /* TodayError.swift */ = {isa = PBXFileReference; lastKnownFileType = sourcecode.swift; path = TodayError.swift; sourceTree = "<group>"; };
		84883C3A2AB18C32006F6759 /* EKEventStore+AsyncFetch.swift */ = {isa = PBXFileReference; lastKnownFileType = sourcecode.swift; path = "EKEventStore+AsyncFetch.swift"; sourceTree = "<group>"; };
		84883C3C2AB18D1B006F6759 /* Reminder+EKReminder.swift */ = {isa = PBXFileReference; lastKnownFileType = sourcecode.swift; path = "Reminder+EKReminder.swift"; sourceTree = "<group>"; };
		84883C3E2AB18DB6006F6759 /* ReminderStore.swift */ = {isa = PBXFileReference; lastKnownFileType = sourcecode.swift; path = ReminderStore.swift; sourceTree = "<group>"; };
		84883C402AB1A6EB006F6759 /* EKReminder+Reminder.swift */ = {isa = PBXFileReference; lastKnownFileType = sourcecode.swift; path = "EKReminder+Reminder.swift"; sourceTree = "<group>"; };
/* End PBXFileReference section */

/* Begin PBXFrameworksBuildPhase section */
		84883BF62AAB2D8D006F6759 /* Frameworks */ = {
			isa = PBXFrameworksBuildPhase;
			buildActionMask = 2147483647;
			files = (
			);
			runOnlyForDeploymentPostprocessing = 0;
		};
/* End PBXFrameworksBuildPhase section */

/* Begin PBXGroup section */
		84883BF02AAB2D8C006F6759 = {
			isa = PBXGroup;
			children = (
				84883BFB2AAB2D8D006F6759 /* Today */,
				84883BFA2AAB2D8D006F6759 /* Products */,
			);
			sourceTree = "<group>";
		};
		84883BFA2AAB2D8D006F6759 /* Products */ = {
			isa = PBXGroup;
			children = (
				84883BF92AAB2D8D006F6759 /* Today.app */,
			);
			name = Products;
			sourceTree = "<group>";
		};
		84883BFB2AAB2D8D006F6759 /* Today */ = {
			isa = PBXGroup;
			children = (
				84883C272AB03DE9006F6759 /* ContentViews */,
				84883C102AAB2E9B006F6759 /* Models */,
				84883BFC2AAB2D8D006F6759 /* AppDelegate.swift */,
				84883BFE2AAB2D8D006F6759 /* SceneDelegate.swift */,
				84883C022AAB2D8D006F6759 /* Main.storyboard */,
				84883C152AAEEE14006F6759 /* ListViewController */,
				84883C052AAB2D8E006F6759 /* Assets.xcassets */,
				84883C072AAB2D8E006F6759 /* LaunchScreen.storyboard */,
				84883C0A2AAB2D8E006F6759 /* Info.plist */,
				84883C202AAF1345006F6759 /* DetailViewController */,
			);
			path = Today;
			sourceTree = "<group>";
		};
		84883C102AAB2E9B006F6759 /* Models */ = {
			isa = PBXGroup;
			children = (
				84883C112AAB2EBD006F6759 /* Reminder.swift */,
				84883C132AAEEC02006F6759 /* Date+Today.swift */,
				84883C182AAEF093006F6759 /* UIColor+Today.swift */,
				84883C322AB074C0006F6759 /* ReminderListStyle.swift */,
				84883C362AB17818006F6759 /* CAGradientLayer+ListStyle.swift */,
				84883C382AB18BC0006F6759 /* TodayError.swift */,
				84883C3A2AB18C32006F6759 /* EKEventStore+AsyncFetch.swift */,
				84883C3C2AB18D1B006F6759 /* Reminder+EKReminder.swift */,
				84883C3E2AB18DB6006F6759 /* ReminderStore.swift */,
				84883C402AB1A6EB006F6759 /* EKReminder+Reminder.swift */,
			);
			path = Models;
			sourceTree = "<group>";
		};
		84883C152AAEEE14006F6759 /* ListViewController */ = {
			isa = PBXGroup;
			children = (
				84883C002AAB2D8D006F6759 /* ReminderListViewController.swift */,
				84883C162AAEEE24006F6759 /* ReminderListViewController+DataSource.swift */,
				84883C1A2AAEFCAA006F6759 /* ReminderDoneButton.swift */,
				84883C1C2AAEFD48006F6759 /* ReminderListViewController+Actions.swift */,
				84883C342AB160FF006F6759 /* ProgressHeaderView.swift */,
			);
			path = ListViewController;
			sourceTree = "<group>";
		};
		84883C202AAF1345006F6759 /* DetailViewController */ = {
			isa = PBXGroup;
			children = (
				84883C1E2AAF082C006F6759 /* ReminderViewController.swift */,
				84883C212AAF1356006F6759 /* ReminderViewController+Row.swift */,
				84883C232AAF20F2006F6759 /* ReminderViewController+Section.swift */,
				84883C252AB03CC1006F6759 /* ReminderViewController+CellConfiguration.swift */,
			);
			path = DetailViewController;
			sourceTree = "<group>";
		};
		84883C272AB03DE9006F6759 /* ContentViews */ = {
			isa = PBXGroup;
			children = (
				84883C282AB03E02006F6759 /* UIView+PinnedSubview.swift */,
				84883C2A2AB04125006F6759 /* TextFieldContentView.swift */,
				84883C2C2AB04291006F6759 /* UIContentConfiguration+Stateless.swift */,
				84883C2E2AB04B9B006F6759 /* TextViewContentView.swift */,
				84883C302AB04DDF006F6759 /* DatePickerContentView.swift */,
			);
			path = ContentViews;
			sourceTree = "<group>";
		};
/* End PBXGroup section */

/* Begin PBXNativeTarget section */
		84883BF82AAB2D8D006F6759 /* Today */ = {
			isa = PBXNativeTarget;
			buildConfigurationList = 84883C0D2AAB2D8E006F6759 /* Build configuration list for PBXNativeTarget "Today" */;
			buildPhases = (
				84883BF52AAB2D8D006F6759 /* Sources */,
				84883BF62AAB2D8D006F6759 /* Frameworks */,
				84883BF72AAB2D8D006F6759 /* Resources */,
			);
			buildRules = (
			);
			dependencies = (
			);
			name = Today;
			productName = Today;
			productReference = 84883BF92AAB2D8D006F6759 /* Today.app */;
			productType = "com.apple.product-type.application";
		};
/* End PBXNativeTarget section */

/* Begin PBXProject section */
		84883BF12AAB2D8C006F6759 /* Project object */ = {
			isa = PBXProject;
			attributes = {
				BuildIndependentTargetsInParallel = 1;
				LastSwiftUpdateCheck = 1430;
				LastUpgradeCheck = 1430;
				TargetAttributes = {
					84883BF82AAB2D8D006F6759 = {
						CreatedOnToolsVersion = 14.3.1;
					};
				};
			};
			buildConfigurationList = 84883BF42AAB2D8C006F6759 /* Build configuration list for PBXProject "Today" */;
			compatibilityVersion = "Xcode 14.0";
			developmentRegion = en;
			hasScannedForEncodings = 0;
			knownRegions = (
				en,
				Base,
			);
			mainGroup = 84883BF02AAB2D8C006F6759;
			productRefGroup = 84883BFA2AAB2D8D006F6759 /* Products */;
			projectDirPath = "";
			projectRoot = "";
			targets = (
				84883BF82AAB2D8D006F6759 /* Today */,
			);
		};
/* End PBXProject section */

/* Begin PBXResourcesBuildPhase section */
		84883BF72AAB2D8D006F6759 /* Resources */ = {
			isa = PBXResourcesBuildPhase;
			buildActionMask = 2147483647;
			files = (
				84883C092AAB2D8E006F6759 /* LaunchScreen.storyboard in Resources */,
				84883C062AAB2D8E006F6759 /* Assets.xcassets in Resources */,
				84883C042AAB2D8D006F6759 /* Main.storyboard in Resources */,
			);
			runOnlyForDeploymentPostprocessing = 0;
		};
/* End PBXResourcesBuildPhase section */

/* Begin PBXSourcesBuildPhase section */
		84883BF52AAB2D8D006F6759 /* Sources */ = {
			isa = PBXSourcesBuildPhase;
			buildActionMask = 2147483647;
			files = (
				84883C352AB160FF006F6759 /* ProgressHeaderView.swift in Sources */,
				84883C292AB03E02006F6759 /* UIView+PinnedSubview.swift in Sources */,
				84883C242AAF20F2006F6759 /* ReminderViewController+Section.swift in Sources */,
				84883C312AB04DDF006F6759 /* DatePickerContentView.swift in Sources */,
				84883C192AAEF093006F6759 /* UIColor+Today.swift in Sources */,
				84883C1D2AAEFD48006F6759 /* ReminderListViewController+Actions.swift in Sources */,
				84883C392AB18BC0006F6759 /* TodayError.swift in Sources */,
				84883C1F2AAF082C006F6759 /* ReminderViewController.swift in Sources */,
				84883C332AB074C0006F6759 /* ReminderListStyle.swift in Sources */,
				84883C2D2AB04291006F6759 /* UIContentConfiguration+Stateless.swift in Sources */,
				84883C012AAB2D8D006F6759 /* ReminderListViewController.swift in Sources */,
				84883C142AAEEC02006F6759 /* Date+Today.swift in Sources */,
				84883C2B2AB04125006F6759 /* TextFieldContentView.swift in Sources */,
				84883C2F2AB04B9B006F6759 /* TextViewContentView.swift in Sources */,
				84883C222AAF1356006F6759 /* ReminderViewController+Row.swift in Sources */,
				84883C1B2AAEFCAA006F6759 /* ReminderDoneButton.swift in Sources */,
				84883BFD2AAB2D8D006F6759 /* AppDelegate.swift in Sources */,
				84883C262AB03CC1006F6759 /* ReminderViewController+CellConfiguration.swift in Sources */,
				84883BFF2AAB2D8D006F6759 /* SceneDelegate.swift in Sources */,
				84883C3D2AB18D1B006F6759 /* Reminder+EKReminder.swift in Sources */,
				84883C3B2AB18C32006F6759 /* EKEventStore+AsyncFetch.swift in Sources */,
				84883C122AAB2EBD006F6759 /* Reminder.swift in Sources */,
				84883C372AB17818006F6759 /* CAGradientLayer+ListStyle.swift in Sources */,
				84883C172AAEEE24006F6759 /* ReminderListViewController+DataSource.swift in Sources */,
				84883C3F2AB18DB6006F6759 /* ReminderStore.swift in Sources */,
				84883C412AB1A6EB006F6759 /* EKReminder+Reminder.swift in Sources */,
			);
			runOnlyForDeploymentPostprocessing = 0;
		};
/* End PBXSourcesBuildPhase section */

/* Begin PBXVariantGroup section */
		84883C022AAB2D8D006F6759 /* Main.storyboard */ = {
			isa = PBXVariantGroup;
			children = (
				84883C032AAB2D8D006F6759 /* Base */,
			);
			name = Main.storyboard;
			sourceTree = "<group>";
		};
		84883C072AAB2D8E006F6759 /* LaunchScreen.storyboard */ = {
			isa = PBXVariantGroup;
			children = (
				84883C082AAB2D8E006F6759 /* Base */,
			);
			name = LaunchScreen.storyboard;
			sourceTree = "<group>";
		};
/* End PBXVariantGroup section */

/* Begin XCBuildConfiguration section */
		84883C0B2AAB2D8E006F6759 /* Debug */ = {
			isa = XCBuildConfiguration;
			buildSettings = {
				ALWAYS_SEARCH_USER_PATHS = NO;
				CLANG_ANALYZER_NONNULL = YES;
				CLANG_ANALYZER_NUMBER_OBJECT_CONVERSION = YES_AGGRESSIVE;
				CLANG_CXX_LANGUAGE_STANDARD = "gnu++20";
				CLANG_ENABLE_MODULES = YES;
				CLANG_ENABLE_OBJC_ARC = YES;
				CLANG_ENABLE_OBJC_WEAK = YES;
				CLANG_WARN_BLOCK_CAPTURE_AUTORELEASING = YES;
				CLANG_WARN_BOOL_CONVERSION = YES;
				CLANG_WARN_COMMA = YES;
				CLANG_WARN_CONSTANT_CONVERSION = YES;
				CLANG_WARN_DEPRECATED_OBJC_IMPLEMENTATIONS = YES;
				CLANG_WARN_DIRECT_OBJC_ISA_USAGE = YES_ERROR;
				CLANG_WARN_DOCUMENTATION_COMMENTS = YES;
				CLANG_WARN_EMPTY_BODY = YES;
				CLANG_WARN_ENUM_CONVERSION = YES;
				CLANG_WARN_INFINITE_RECURSION = YES;
				CLANG_WARN_INT_CONVERSION = YES;
				CLANG_WARN_NON_LITERAL_NULL_CONVERSION = YES;
				CLANG_WARN_OBJC_IMPLICIT_RETAIN_SELF = YES;
				CLANG_WARN_OBJC_LITERAL_CONVERSION = YES;
				CLANG_WARN_OBJC_ROOT_CLASS = YES_ERROR;
				CLANG_WARN_QUOTED_INCLUDE_IN_FRAMEWORK_HEADER = YES;
				CLANG_WARN_RANGE_LOOP_ANALYSIS = YES;
				CLANG_WARN_STRICT_PROTOTYPES = YES;
				CLANG_WARN_SUSPICIOUS_MOVE = YES;
				CLANG_WARN_UNGUARDED_AVAILABILITY = YES_AGGRESSIVE;
				CLANG_WARN_UNREACHABLE_CODE = YES;
				CLANG_WARN__DUPLICATE_METHOD_MATCH = YES;
				COPY_PHASE_STRIP = NO;
				DEBUG_INFORMATION_FORMAT = dwarf;
				ENABLE_STRICT_OBJC_MSGSEND = YES;
				ENABLE_TESTABILITY = YES;
				GCC_C_LANGUAGE_STANDARD = gnu11;
				GCC_DYNAMIC_NO_PIC = NO;
				GCC_NO_COMMON_BLOCKS = YES;
				GCC_OPTIMIZATION_LEVEL = 0;
				GCC_PREPROCESSOR_DEFINITIONS = (
					"DEBUG=1",
					"$(inherited)",
				);
				GCC_WARN_64_TO_32_BIT_CONVERSION = YES;
				GCC_WARN_ABOUT_RETURN_TYPE = YES_ERROR;
				GCC_WARN_UNDECLARED_SELECTOR = YES;
				GCC_WARN_UNINITIALIZED_AUTOS = YES_AGGRESSIVE;
				GCC_WARN_UNUSED_FUNCTION = YES;
				GCC_WARN_UNUSED_VARIABLE = YES;
				IPHONEOS_DEPLOYMENT_TARGET = 16.4;
				MTL_ENABLE_DEBUG_INFO = INCLUDE_SOURCE;
				MTL_FAST_MATH = YES;
				ONLY_ACTIVE_ARCH = YES;
				SDKROOT = iphoneos;
				SWIFT_ACTIVE_COMPILATION_CONDITIONS = DEBUG;
				SWIFT_OPTIMIZATION_LEVEL = "-Onone";
			};
			name = Debug;
		};
		84883C0C2AAB2D8E006F6759 /* Release */ = {
			isa = XCBuildConfiguration;
			buildSettings = {
				ALWAYS_SEARCH_USER_PATHS = NO;
				CLANG_ANALYZER_NONNULL = YES;
				CLANG_ANALYZER_NUMBER_OBJECT_CONVERSION = YES_AGGRESSIVE;
				CLANG_CXX_LANGUAGE_STANDARD = "gnu++20";
				CLANG_ENABLE_MODULES = YES;
				CLANG_ENABLE_OBJC_ARC = YES;
				CLANG_ENABLE_OBJC_WEAK = YES;
				CLANG_WARN_BLOCK_CAPTURE_AUTORELEASING = YES;
				CLANG_WARN_BOOL_CONVERSION = YES;
				CLANG_WARN_COMMA = YES;
				CLANG_WARN_CONSTANT_CONVERSION = YES;
				CLANG_WARN_DEPRECATED_OBJC_IMPLEMENTATIONS = YES;
				CLANG_WARN_DIRECT_OBJC_ISA_USAGE = YES_ERROR;
				CLANG_WARN_DOCUMENTATION_COMMENTS = YES;
				CLANG_WARN_EMPTY_BODY = YES;
				CLANG_WARN_ENUM_CONVERSION = YES;
				CLANG_WARN_INFINITE_RECURSION = YES;
				CLANG_WARN_INT_CONVERSION = YES;
				CLANG_WARN_NON_LITERAL_NULL_CONVERSION = YES;
				CLANG_WARN_OBJC_IMPLICIT_RETAIN_SELF = YES;
				CLANG_WARN_OBJC_LITERAL_CONVERSION = YES;
				CLANG_WARN_OBJC_ROOT_CLASS = YES_ERROR;
				CLANG_WARN_QUOTED_INCLUDE_IN_FRAMEWORK_HEADER = YES;
				CLANG_WARN_RANGE_LOOP_ANALYSIS = YES;
				CLANG_WARN_STRICT_PROTOTYPES = YES;
				CLANG_WARN_SUSPICIOUS_MOVE = YES;
				CLANG_WARN_UNGUARDED_AVAILABILITY = YES_AGGRESSIVE;
				CLANG_WARN_UNREACHABLE_CODE = YES;
				CLANG_WARN__DUPLICATE_METHOD_MATCH = YES;
				COPY_PHASE_STRIP = NO;
				DEBUG_INFORMATION_FORMAT = "dwarf-with-dsym";
				ENABLE_NS_ASSERTIONS = NO;
				ENABLE_STRICT_OBJC_MSGSEND = YES;
				GCC_C_LANGUAGE_STANDARD = gnu11;
				GCC_NO_COMMON_BLOCKS = YES;
				GCC_WARN_64_TO_32_BIT_CONVERSION = YES;
				GCC_WARN_ABOUT_RETURN_TYPE = YES_ERROR;
				GCC_WARN_UNDECLARED_SELECTOR = YES;
				GCC_WARN_UNINITIALIZED_AUTOS = YES_AGGRESSIVE;
				GCC_WARN_UNUSED_FUNCTION = YES;
				GCC_WARN_UNUSED_VARIABLE = YES;
				IPHONEOS_DEPLOYMENT_TARGET = 16.4;
				MTL_ENABLE_DEBUG_INFO = NO;
				MTL_FAST_MATH = YES;
				SDKROOT = iphoneos;
				SWIFT_COMPILATION_MODE = wholemodule;
				SWIFT_OPTIMIZATION_LEVEL = "-O";
				VALIDATE_PRODUCT = YES;
			};
			name = Release;
		};
		84883C0E2AAB2D8E006F6759 /* Debug */ = {
			isa = XCBuildConfiguration;
			buildSettings = {
				ASSETCATALOG_COMPILER_APPICON_NAME = AppIcon;
				ASSETCATALOG_COMPILER_GLOBAL_ACCENT_COLOR_NAME = AccentColor;
				CODE_SIGN_STYLE = Automatic;
				CURRENT_PROJECT_VERSION = 1;
				GENERATE_INFOPLIST_FILE = YES;
				INFOPLIST_FILE = Today/Info.plist;
				INFOPLIST_KEY_NSRemindersUsageDescription = "Your reminders can help you stay on track.";
				INFOPLIST_KEY_UIApplicationSupportsIndirectInputEvents = YES;
				INFOPLIST_KEY_UILaunchStoryboardName = LaunchScreen;
				INFOPLIST_KEY_UIMainStoryboardFile = Main;
				INFOPLIST_KEY_UISupportedInterfaceOrientations_iPad = "UIInterfaceOrientationPortrait UIInterfaceOrientationPortraitUpsideDown UIInterfaceOrientationLandscapeLeft UIInterfaceOrientationLandscapeRight";
				INFOPLIST_KEY_UISupportedInterfaceOrientations_iPhone = "UIInterfaceOrientationPortrait UIInterfaceOrientationLandscapeLeft UIInterfaceOrientationLandscapeRight";
				LD_RUNPATH_SEARCH_PATHS = (
					"$(inherited)",
					"@executable_path/Frameworks",
				);
				MARKETING_VERSION = 1.0;
				PRODUCT_BUNDLE_IDENTIFIER = com.minh.Today;
				PRODUCT_NAME = "$(TARGET_NAME)";
				SWIFT_EMIT_LOC_STRINGS = YES;
				SWIFT_VERSION = 5.0;
				TARGETED_DEVICE_FAMILY = "1,2";
			};
			name = Debug;
		};
		84883C0F2AAB2D8E006F6759 /* Release */ = {
			isa = XCBuildConfiguration;
			buildSettings = {
				ASSETCATALOG_COMPILER_APPICON_NAME = AppIcon;
				ASSETCATALOG_COMPILER_GLOBAL_ACCENT_COLOR_NAME = AccentColor;
				CODE_SIGN_STYLE = Automatic;
				CURRENT_PROJECT_VERSION = 1;
				GENERATE_INFOPLIST_FILE = YES;
				INFOPLIST_FILE = Today/Info.plist;
				INFOPLIST_KEY_NSRemindersUsageDescription = "Your reminders can help you stay on track.";
				INFOPLIST_KEY_UIApplicationSupportsIndirectInputEvents = YES;
				INFOPLIST_KEY_UILaunchStoryboardName = LaunchScreen;
				INFOPLIST_KEY_UIMainStoryboardFile = Main;
				INFOPLIST_KEY_UISupportedInterfaceOrientations_iPad = "UIInterfaceOrientationPortrait UIInterfaceOrientationPortraitUpsideDown UIInterfaceOrientationLandscapeLeft UIInterfaceOrientationLandscapeRight";
				INFOPLIST_KEY_UISupportedInterfaceOrientations_iPhone = "UIInterfaceOrientationPortrait UIInterfaceOrientationLandscapeLeft UIInterfaceOrientationLandscapeRight";
				LD_RUNPATH_SEARCH_PATHS = (
					"$(inherited)",
					"@executable_path/Frameworks",
				);
				MARKETING_VERSION = 1.0;
				PRODUCT_BUNDLE_IDENTIFIER = com.minh.Today;
				PRODUCT_NAME = "$(TARGET_NAME)";
				SWIFT_EMIT_LOC_STRINGS = YES;
				SWIFT_VERSION = 5.0;
				TARGETED_DEVICE_FAMILY = "1,2";
			};
			name = Release;
		};
/* End XCBuildConfiguration section */

/* Begin XCConfigurationList section */
		84883BF42AAB2D8C006F6759 /* Build configuration list for PBXProject "Today" */ = {
			isa = XCConfigurationList;
			buildConfigurations = (
				84883C0B2AAB2D8E006F6759 /* Debug */,
				84883C0C2AAB2D8E006F6759 /* Release */,
			);
			defaultConfigurationIsVisible = 0;
			defaultConfigurationName = Release;
		};
		84883C0D2AAB2D8E006F6759 /* Build configuration list for PBXNativeTarget "Today" */ = {
			isa = XCConfigurationList;
			buildConfigurations = (
				84883C0E2AAB2D8E006F6759 /* Debug */,
				84883C0F2AAB2D8E006F6759 /* Release */,
			);
			defaultConfigurationIsVisible = 0;
			defaultConfigurationName = Release;
		};
/* End XCConfigurationList section */
	};
	rootObject = 84883BF12AAB2D8C006F6759 /* Project object */;
}
